// !$*UTF8*$!
{
	archiveVersion = 1;
	classes = {
	};
	objectVersion = 56;
	objects = {

/* Begin PBXBuildFile section */
		05B207002BECC3D400BB7632 /* AppDelegate.swift in Sources */ = {isa = PBXBuildFile; fileRef = 05B206FF2BECC3D400BB7632 /* AppDelegate.swift */; };
		05B207022BECC3D400BB7632 /* SceneDelegate.swift in Sources */ = {isa = PBXBuildFile; fileRef = 05B207012BECC3D400BB7632 /* SceneDelegate.swift */; };
		05B207072BECC3D400BB7632 /* Main.storyboard in Resources */ = {isa = PBXBuildFile; fileRef = 05B207052BECC3D400BB7632 /* Main.storyboard */; };
		05B207092BECC3D500BB7632 /* Assets.xcassets in Resources */ = {isa = PBXBuildFile; fileRef = 05B207082BECC3D500BB7632 /* Assets.xcassets */; };
		05B2070C2BECC3D500BB7632 /* LaunchScreen.storyboard in Resources */ = {isa = PBXBuildFile; fileRef = 05B2070A2BECC3D500BB7632 /* LaunchScreen.storyboard */; };
		F53B45B42C008A35006DD076 /* EventsTableViewCell.swift in Sources */ = {isa = PBXBuildFile; fileRef = F53B45B22C008A35006DD076 /* EventsTableViewCell.swift */; };
		F53B45B52C008A35006DD076 /* EventsTableViewCell.xib in Resources */ = {isa = PBXBuildFile; fileRef = F53B45B32C008A35006DD076 /* EventsTableViewCell.xib */; };
		F53B45B72C008FA1006DD076 /* UpcomingEventsViewController.swift in Sources */ = {isa = PBXBuildFile; fileRef = F53B45B62C008FA1006DD076 /* UpcomingEventsViewController.swift */; };
		F53B45B92C008FB0006DD076 /* PastEventsViewController.swift in Sources */ = {isa = PBXBuildFile; fileRef = F53B45B82C008FB0006DD076 /* PastEventsViewController.swift */; };
		F5658DF32BFB11A500F5FEB0 /* teamViewController.swift in Sources */ = {isa = PBXBuildFile; fileRef = F5658DF22BFB11A500F5FEB0 /* teamViewController.swift */; };
		F5658DF52BFB11B700F5FEB0 /* teammateViewController.swift in Sources */ = {isa = PBXBuildFile; fileRef = F5658DF42BFB11B700F5FEB0 /* teammateViewController.swift */; };
		F580E8712C03AF590053B6F0 /* ResultsSearchTeammateViewController.swift in Sources */ = {isa = PBXBuildFile; fileRef = F580E8702C03AF590053B6F0 /* ResultsSearchTeammateViewController.swift */; };
		F580E8732C03AF6B0053B6F0 /* ResultsSearchTeamViewController.swift in Sources */ = {isa = PBXBuildFile; fileRef = F580E8722C03AF6B0053B6F0 /* ResultsSearchTeamViewController.swift */; };
		F580E8762C03B86D0053B6F0 /* ResultsSearchTableViewCell.xib in Resources */ = {isa = PBXBuildFile; fileRef = F580E8752C03B86D0053B6F0 /* ResultsSearchTableViewCell.xib */; };
		F580E8772C03B86D0053B6F0 /* ResultsSearchTableViewCell.swift in Sources */ = {isa = PBXBuildFile; fileRef = F580E8742C03B86D0053B6F0 /* ResultsSearchTableViewCell.swift */; };
		F580E87E2C0442BB0053B6F0 /* UserData.swift in Sources */ = {isa = PBXBuildFile; fileRef = F580E87D2C0442BB0053B6F0 /* UserData.swift */; };
		F5A12D322BF610280058A62B /* Events.storyboard in Resources */ = {isa = PBXBuildFile; fileRef = F5A12D312BF610280058A62B /* Events.storyboard */; };
		F5A12D342BF6104A0058A62B /* Find.storyboard in Resources */ = {isa = PBXBuildFile; fileRef = F5A12D332BF6104A0058A62B /* Find.storyboard */; };
		F5A12D362BF610590058A62B /* Profile.storyboard in Resources */ = {isa = PBXBuildFile; fileRef = F5A12D352BF610590058A62B /* Profile.storyboard */; };
		F5A12D382BF610710058A62B /* New.storyboard in Resources */ = {isa = PBXBuildFile; fileRef = F5A12D372BF610710058A62B /* New.storyboard */; };
		F5A12D3A2BF615A80058A62B /* EventViewController.swift in Sources */ = {isa = PBXBuildFile; fileRef = F5A12D392BF615A80058A62B /* EventViewController.swift */; };
		F5A12D3C2BF615B50058A62B /* FindViewController.swift in Sources */ = {isa = PBXBuildFile; fileRef = F5A12D3B2BF615B50058A62B /* FindViewController.swift */; };
		F5A12D3E2BF615C20058A62B /* ProfileViewController.swift in Sources */ = {isa = PBXBuildFile; fileRef = F5A12D3D2BF615C20058A62B /* ProfileViewController.swift */; };
		F5A12D402BF615CF0058A62B /* NewViewController.swift in Sources */ = {isa = PBXBuildFile; fileRef = F5A12D3F2BF615CF0058A62B /* NewViewController.swift */; };
		F5A12D422BF6162E0058A62B /* MainViewController.swift in Sources */ = {isa = PBXBuildFile; fileRef = F5A12D412BF6162E0058A62B /* MainViewController.swift */; };
		F5B998CC2BFC59DF00E0E7E5 /* NotificationViewController.swift in Sources */ = {isa = PBXBuildFile; fileRef = F5B998CB2BFC59DF00E0E7E5 /* NotificationViewController.swift */; };
		F5B998CF2BFC5D1F00E0E7E5 /* DataModels.swift in Sources */ = {isa = PBXBuildFile; fileRef = F5B998CE2BFC5D1F00E0E7E5 /* DataModels.swift */; };
		F5B998DA2BFD612A00E0E7E5 /* NotificationTableViewCell.xib in Resources */ = {isa = PBXBuildFile; fileRef = F5B998D92BFD612A00E0E7E5 /* NotificationTableViewCell.xib */; };
		F5B998DB2BFD612A00E0E7E5 /* NotificationTableViewCell.swift in Sources */ = {isa = PBXBuildFile; fileRef = F5B998D82BFD612A00E0E7E5 /* NotificationTableViewCell.swift */; };
		F5B998DF2BFDAD2100E0E7E5 /* createPostViewController.swift in Sources */ = {isa = PBXBuildFile; fileRef = F5B998DE2BFDAD2100E0E7E5 /* createPostViewController.swift */; };
		F5B998E12BFDAD3400E0E7E5 /* createEventViewController.swift in Sources */ = {isa = PBXBuildFile; fileRef = F5B998E02BFDAD3400E0E7E5 /* createEventViewController.swift */; };
		F5B998E82BFDE85A00E0E7E5 /* SettingsViewController.swift in Sources */ = {isa = PBXBuildFile; fileRef = F5B998E72BFDE85900E0E7E5 /* SettingsViewController.swift */; };
		F5F6CD492BFF7E1D00FD16D8 /* PostLayoutTilesCell.xib in Resources */ = {isa = PBXBuildFile; fileRef = F5F6CD482BFF7E1D00FD16D8 /* PostLayoutTilesCell.xib */; };
		F5F6CD4A2BFF7E1D00FD16D8 /* PostLayoutTilesCell.swift in Sources */ = {isa = PBXBuildFile; fileRef = F5F6CD472BFF7E1D00FD16D8 /* PostLayoutTilesCell.swift */; };
		F5F93BEB2BFFDC7B006F54FB /* ChatsTableViewCell.xib in Resources */ = {isa = PBXBuildFile; fileRef = F5F93BEA2BFFDC7B006F54FB /* ChatsTableViewCell.xib */; };
		F5F93BEC2BFFDC7B006F54FB /* ChatsTableViewCell.swift in Sources */ = {isa = PBXBuildFile; fileRef = F5F93BE92BFFDC7B006F54FB /* ChatsTableViewCell.swift */; };
		F5F93BF02BFFE10D006F54FB /* ChatsViewController.swift in Sources */ = {isa = PBXBuildFile; fileRef = F5F93BEF2BFFE10D006F54FB /* ChatsViewController.swift */; };
/* End PBXBuildFile section */

/* Begin PBXFileReference section */
		05B206FC2BECC3D400BB7632 /* BGClan.app */ = {isa = PBXFileReference; explicitFileType = wrapper.application; includeInIndex = 0; path = BGClan.app; sourceTree = BUILT_PRODUCTS_DIR; };
		05B206FF2BECC3D400BB7632 /* AppDelegate.swift */ = {isa = PBXFileReference; lastKnownFileType = sourcecode.swift; path = AppDelegate.swift; sourceTree = "<group>"; };
		05B207012BECC3D400BB7632 /* SceneDelegate.swift */ = {isa = PBXFileReference; lastKnownFileType = sourcecode.swift; path = SceneDelegate.swift; sourceTree = "<group>"; };
		05B207062BECC3D400BB7632 /* Base */ = {isa = PBXFileReference; lastKnownFileType = file.storyboard; name = Base; path = Base.lproj/Main.storyboard; sourceTree = "<group>"; };
		05B207082BECC3D500BB7632 /* Assets.xcassets */ = {isa = PBXFileReference; lastKnownFileType = folder.assetcatalog; path = Assets.xcassets; sourceTree = "<group>"; };
		05B2070B2BECC3D500BB7632 /* Base */ = {isa = PBXFileReference; lastKnownFileType = file.storyboard; name = Base; path = Base.lproj/LaunchScreen.storyboard; sourceTree = "<group>"; };
		05B2070D2BECC3D500BB7632 /* Info.plist */ = {isa = PBXFileReference; lastKnownFileType = text.plist.xml; path = Info.plist; sourceTree = "<group>"; };
		F53B45B22C008A35006DD076 /* EventsTableViewCell.swift */ = {isa = PBXFileReference; lastKnownFileType = sourcecode.swift; path = EventsTableViewCell.swift; sourceTree = "<group>"; };
		F53B45B32C008A35006DD076 /* EventsTableViewCell.xib */ = {isa = PBXFileReference; lastKnownFileType = file.xib; path = EventsTableViewCell.xib; sourceTree = "<group>"; };
		F53B45B62C008FA1006DD076 /* UpcomingEventsViewController.swift */ = {isa = PBXFileReference; lastKnownFileType = sourcecode.swift; path = UpcomingEventsViewController.swift; sourceTree = "<group>"; };
		F53B45B82C008FB0006DD076 /* PastEventsViewController.swift */ = {isa = PBXFileReference; lastKnownFileType = sourcecode.swift; path = PastEventsViewController.swift; sourceTree = "<group>"; };
		F5658DF22BFB11A500F5FEB0 /* teamViewController.swift */ = {isa = PBXFileReference; lastKnownFileType = sourcecode.swift; path = teamViewController.swift; sourceTree = "<group>"; };
		F5658DF42BFB11B700F5FEB0 /* teammateViewController.swift */ = {isa = PBXFileReference; lastKnownFileType = sourcecode.swift; path = teammateViewController.swift; sourceTree = "<group>"; };
		F580E8702C03AF590053B6F0 /* ResultsSearchTeammateViewController.swift */ = {isa = PBXFileReference; lastKnownFileType = sourcecode.swift; path = ResultsSearchTeammateViewController.swift; sourceTree = "<group>"; };
		F580E8722C03AF6B0053B6F0 /* ResultsSearchTeamViewController.swift */ = {isa = PBXFileReference; lastKnownFileType = sourcecode.swift; path = ResultsSearchTeamViewController.swift; sourceTree = "<group>"; };
		F580E8742C03B86D0053B6F0 /* ResultsSearchTableViewCell.swift */ = {isa = PBXFileReference; lastKnownFileType = sourcecode.swift; path = ResultsSearchTableViewCell.swift; sourceTree = "<group>"; };
		F580E8752C03B86D0053B6F0 /* ResultsSearchTableViewCell.xib */ = {isa = PBXFileReference; lastKnownFileType = file.xib; path = ResultsSearchTableViewCell.xib; sourceTree = "<group>"; };
		F580E87D2C0442BB0053B6F0 /* UserData.swift */ = {isa = PBXFileReference; lastKnownFileType = sourcecode.swift; path = UserData.swift; sourceTree = "<group>"; };
		F5A12D312BF610280058A62B /* Events.storyboard */ = {isa = PBXFileReference; lastKnownFileType = file.storyboard; path = Events.storyboard; sourceTree = "<group>"; };
		F5A12D332BF6104A0058A62B /* Find.storyboard */ = {isa = PBXFileReference; lastKnownFileType = file.storyboard; path = Find.storyboard; sourceTree = "<group>"; };
		F5A12D352BF610590058A62B /* Profile.storyboard */ = {isa = PBXFileReference; lastKnownFileType = file.storyboard; path = Profile.storyboard; sourceTree = "<group>"; };
		F5A12D372BF610710058A62B /* New.storyboard */ = {isa = PBXFileReference; lastKnownFileType = file.storyboard; path = New.storyboard; sourceTree = "<group>"; };
		F5A12D392BF615A80058A62B /* EventViewController.swift */ = {isa = PBXFileReference; lastKnownFileType = sourcecode.swift; path = EventViewController.swift; sourceTree = "<group>"; };
		F5A12D3B2BF615B50058A62B /* FindViewController.swift */ = {isa = PBXFileReference; lastKnownFileType = sourcecode.swift; path = FindViewController.swift; sourceTree = "<group>"; };
		F5A12D3D2BF615C20058A62B /* ProfileViewController.swift */ = {isa = PBXFileReference; lastKnownFileType = sourcecode.swift; path = ProfileViewController.swift; sourceTree = "<group>"; };
		F5A12D3F2BF615CF0058A62B /* NewViewController.swift */ = {isa = PBXFileReference; lastKnownFileType = sourcecode.swift; path = NewViewController.swift; sourceTree = "<group>"; };
		F5A12D412BF6162E0058A62B /* MainViewController.swift */ = {isa = PBXFileReference; lastKnownFileType = sourcecode.swift; path = MainViewController.swift; sourceTree = "<group>"; };
		F5B998CB2BFC59DF00E0E7E5 /* NotificationViewController.swift */ = {isa = PBXFileReference; lastKnownFileType = sourcecode.swift; path = NotificationViewController.swift; sourceTree = "<group>"; };
		F5B998CE2BFC5D1F00E0E7E5 /* DataModels.swift */ = {isa = PBXFileReference; lastKnownFileType = sourcecode.swift; path = DataModels.swift; sourceTree = "<group>"; };
		F5B998D82BFD612A00E0E7E5 /* NotificationTableViewCell.swift */ = {isa = PBXFileReference; lastKnownFileType = sourcecode.swift; path = NotificationTableViewCell.swift; sourceTree = "<group>"; };
		F5B998D92BFD612A00E0E7E5 /* NotificationTableViewCell.xib */ = {isa = PBXFileReference; lastKnownFileType = file.xib; path = NotificationTableViewCell.xib; sourceTree = "<group>"; };
		F5B998DE2BFDAD2100E0E7E5 /* createPostViewController.swift */ = {isa = PBXFileReference; lastKnownFileType = sourcecode.swift; path = createPostViewController.swift; sourceTree = "<group>"; };
		F5B998E02BFDAD3400E0E7E5 /* createEventViewController.swift */ = {isa = PBXFileReference; lastKnownFileType = sourcecode.swift; path = createEventViewController.swift; sourceTree = "<group>"; };
		F5B998E72BFDE85900E0E7E5 /* SettingsViewController.swift */ = {isa = PBXFileReference; lastKnownFileType = sourcecode.swift; path = SettingsViewController.swift; sourceTree = "<group>"; };
		F5F6CD472BFF7E1D00FD16D8 /* PostLayoutTilesCell.swift */ = {isa = PBXFileReference; lastKnownFileType = sourcecode.swift; path = PostLayoutTilesCell.swift; sourceTree = "<group>"; };
		F5F6CD482BFF7E1D00FD16D8 /* PostLayoutTilesCell.xib */ = {isa = PBXFileReference; lastKnownFileType = file.xib; path = PostLayoutTilesCell.xib; sourceTree = "<group>"; };
		F5F93BE92BFFDC7B006F54FB /* ChatsTableViewCell.swift */ = {isa = PBXFileReference; lastKnownFileType = sourcecode.swift; path = ChatsTableViewCell.swift; sourceTree = "<group>"; };
		F5F93BEA2BFFDC7B006F54FB /* ChatsTableViewCell.xib */ = {isa = PBXFileReference; lastKnownFileType = file.xib; path = ChatsTableViewCell.xib; sourceTree = "<group>"; };
		F5F93BEF2BFFE10D006F54FB /* ChatsViewController.swift */ = {isa = PBXFileReference; lastKnownFileType = sourcecode.swift; path = ChatsViewController.swift; sourceTree = "<group>"; };
/* End PBXFileReference section */

/* Begin PBXFrameworksBuildPhase section */
		05B206F92BECC3D400BB7632 /* Frameworks */ = {
			isa = PBXFrameworksBuildPhase;
			buildActionMask = 2147483647;
			files = (
			);
			runOnlyForDeploymentPostprocessing = 0;
		};
/* End PBXFrameworksBuildPhase section */

/* Begin PBXGroup section */
		05B206F32BECC3D400BB7632 = {
			isa = PBXGroup;
			children = (
				05B206FE2BECC3D400BB7632 /* BGClan */,
				05B206FD2BECC3D400BB7632 /* Products */,
			);
			sourceTree = "<group>";
		};
		05B206FD2BECC3D400BB7632 /* Products */ = {
			isa = PBXGroup;
			children = (
				05B206FC2BECC3D400BB7632 /* BGClan.app */,
			);
			name = Products;
			sourceTree = "<group>";
		};
		05B206FE2BECC3D400BB7632 /* BGClan */ = {
			isa = PBXGroup;
			children = (
				05B206FF2BECC3D400BB7632 /* AppDelegate.swift */,
				05B207012BECC3D400BB7632 /* SceneDelegate.swift */,
				F5B998CD2BFC5C6A00E0E7E5 /* Data Models */,
				F5B998E22BFDD1F300E0E7E5 /* Home Tab */,
				F5B998E32BFDD25F00E0E7E5 /* Find Tab */,
				F5B998E42BFDD2AC00E0E7E5 /* New */,
				F5B998E52BFDD2E200E0E7E5 /* Events */,
				F5B998E62BFDD32500E0E7E5 /* Profile */,
				F5B998D72BFD606B00E0E7E5 /* Xib Files */,
				05B207082BECC3D500BB7632 /* Assets.xcassets */,
				05B2070A2BECC3D500BB7632 /* LaunchScreen.storyboard */,
				05B2070D2BECC3D500BB7632 /* Info.plist */,
			);
			path = BGClan;
			sourceTree = "<group>";
		};
		F5B998CD2BFC5C6A00E0E7E5 /* Data Models */ = {
			isa = PBXGroup;
			children = (
				F5B998CE2BFC5D1F00E0E7E5 /* DataModels.swift */,
				F580E87D2C0442BB0053B6F0 /* UserData.swift */,
			);
			path = "Data Models";
			sourceTree = "<group>";
		};
		F5B998D72BFD606B00E0E7E5 /* Xib Files */ = {
			isa = PBXGroup;
			children = (
				F5B998D82BFD612A00E0E7E5 /* NotificationTableViewCell.swift */,
				F5B998D92BFD612A00E0E7E5 /* NotificationTableViewCell.xib */,
				F5F6CD472BFF7E1D00FD16D8 /* PostLayoutTilesCell.swift */,
				F5F6CD482BFF7E1D00FD16D8 /* PostLayoutTilesCell.xib */,
				F5F93BE92BFFDC7B006F54FB /* ChatsTableViewCell.swift */,
				F5F93BEA2BFFDC7B006F54FB /* ChatsTableViewCell.xib */,
				F53B45B22C008A35006DD076 /* EventsTableViewCell.swift */,
				F53B45B32C008A35006DD076 /* EventsTableViewCell.xib */,
				F580E8742C03B86D0053B6F0 /* ResultsSearchTableViewCell.swift */,
				F580E8752C03B86D0053B6F0 /* ResultsSearchTableViewCell.xib */,
			);
			path = "Xib Files";
			sourceTree = "<group>";
		};
		F5B998E22BFDD1F300E0E7E5 /* Home Tab */ = {
			isa = PBXGroup;
			children = (
				05B207052BECC3D400BB7632 /* Main.storyboard */,
				F5F93BEF2BFFE10D006F54FB /* ChatsViewController.swift */,
				F5A12D412BF6162E0058A62B /* MainViewController.swift */,
				F5B998CB2BFC59DF00E0E7E5 /* NotificationViewController.swift */,
			);
			name = "Home Tab";
			path = "Data Models";
			sourceTree = "<group>";
		};
		F5B998E32BFDD25F00E0E7E5 /* Find Tab */ = {
			isa = PBXGroup;
			children = (
				F5A12D332BF6104A0058A62B /* Find.storyboard */,
				F5A12D3B2BF615B50058A62B /* FindViewController.swift */,
				F5658DF42BFB11B700F5FEB0 /* teammateViewController.swift */,
				F5658DF22BFB11A500F5FEB0 /* teamViewController.swift */,
				F580E8702C03AF590053B6F0 /* ResultsSearchTeammateViewController.swift */,
				F580E8722C03AF6B0053B6F0 /* ResultsSearchTeamViewController.swift */,
			);
			path = "Find Tab";
			sourceTree = "<group>";
		};
		F5B998E42BFDD2AC00E0E7E5 /* New */ = {
			isa = PBXGroup;
			children = (
				F5A12D372BF610710058A62B /* New.storyboard */,
				F5A12D3F2BF615CF0058A62B /* NewViewController.swift */,
				F5B998DE2BFDAD2100E0E7E5 /* createPostViewController.swift */,
				F5B998E02BFDAD3400E0E7E5 /* createEventViewController.swift */,
			);
			path = New;
			sourceTree = "<group>";
		};
		F5B998E52BFDD2E200E0E7E5 /* Events */ = {
			isa = PBXGroup;
			children = (
				F5A12D312BF610280058A62B /* Events.storyboard */,
				F53B45B62C008FA1006DD076 /* UpcomingEventsViewController.swift */,
				F53B45B82C008FB0006DD076 /* PastEventsViewController.swift */,
				F5A12D392BF615A80058A62B /* EventViewController.swift */,
			);
			path = Events;
			sourceTree = "<group>";
		};
		F5B998E62BFDD32500E0E7E5 /* Profile */ = {
			isa = PBXGroup;
			children = (
				F5A12D352BF610590058A62B /* Profile.storyboard */,
				F5B998E72BFDE85900E0E7E5 /* SettingsViewController.swift */,
				F5A12D3D2BF615C20058A62B /* ProfileViewController.swift */,
			);
			path = Profile;
			sourceTree = "<group>";
		};
/* End PBXGroup section */

/* Begin PBXNativeTarget section */
		05B206FB2BECC3D400BB7632 /* BGClan */ = {
			isa = PBXNativeTarget;
			buildConfigurationList = 05B207102BECC3D500BB7632 /* Build configuration list for PBXNativeTarget "BGClan" */;
			buildPhases = (
				05B206F82BECC3D400BB7632 /* Sources */,
				05B206F92BECC3D400BB7632 /* Frameworks */,
				05B206FA2BECC3D400BB7632 /* Resources */,
			);
			buildRules = (
			);
			dependencies = (
			);
			name = BGClan;
			productName = BGClan;
			productReference = 05B206FC2BECC3D400BB7632 /* BGClan.app */;
			productType = "com.apple.product-type.application";
		};
/* End PBXNativeTarget section */

/* Begin PBXProject section */
		05B206F42BECC3D400BB7632 /* Project object */ = {
			isa = PBXProject;
			attributes = {
				BuildIndependentTargetsInParallel = 1;
				LastSwiftUpdateCheck = 1520;
				LastUpgradeCheck = 1520;
				TargetAttributes = {
					05B206FB2BECC3D400BB7632 = {
						CreatedOnToolsVersion = 15.2;
					};
				};
			};
			buildConfigurationList = 05B206F72BECC3D400BB7632 /* Build configuration list for PBXProject "BGClan" */;
			compatibilityVersion = "Xcode 14.0";
			developmentRegion = en;
			hasScannedForEncodings = 0;
			knownRegions = (
				en,
				Base,
			);
			mainGroup = 05B206F32BECC3D400BB7632;
			productRefGroup = 05B206FD2BECC3D400BB7632 /* Products */;
			projectDirPath = "";
			projectRoot = "";
			targets = (
				05B206FB2BECC3D400BB7632 /* BGClan */,
			);
		};
/* End PBXProject section */

/* Begin PBXResourcesBuildPhase section */
		05B206FA2BECC3D400BB7632 /* Resources */ = {
			isa = PBXResourcesBuildPhase;
			buildActionMask = 2147483647;
			files = (
				F53B45B52C008A35006DD076 /* EventsTableViewCell.xib in Resources */,
				F5B998DA2BFD612A00E0E7E5 /* NotificationTableViewCell.xib in Resources */,
				F580E8762C03B86D0053B6F0 /* ResultsSearchTableViewCell.xib in Resources */,
				05B2070C2BECC3D500BB7632 /* LaunchScreen.storyboard in Resources */,
				05B207092BECC3D500BB7632 /* Assets.xcassets in Resources */,
				05B207072BECC3D400BB7632 /* Main.storyboard in Resources */,
				F5F6CD492BFF7E1D00FD16D8 /* PostLayoutTilesCell.xib in Resources */,
				F5F93BEB2BFFDC7B006F54FB /* ChatsTableViewCell.xib in Resources */,
				F5A12D322BF610280058A62B /* Events.storyboard in Resources */,
				F5A12D362BF610590058A62B /* Profile.storyboard in Resources */,
				F5A12D342BF6104A0058A62B /* Find.storyboard in Resources */,
				F5A12D382BF610710058A62B /* New.storyboard in Resources */,
			);
			runOnlyForDeploymentPostprocessing = 0;
		};
/* End PBXResourcesBuildPhase section */

/* Begin PBXSourcesBuildPhase section */
		05B206F82BECC3D400BB7632 /* Sources */ = {
			isa = PBXSourcesBuildPhase;
			buildActionMask = 2147483647;
			files = (
				F5B998DB2BFD612A00E0E7E5 /* NotificationTableViewCell.swift in Sources */,
				F580E8712C03AF590053B6F0 /* ResultsSearchTeammateViewController.swift in Sources */,
				F5F93BEC2BFFDC7B006F54FB /* ChatsTableViewCell.swift in Sources */,
				F580E87E2C0442BB0053B6F0 /* UserData.swift in Sources */,
				F5B998CC2BFC59DF00E0E7E5 /* NotificationViewController.swift in Sources */,
				F53B45B92C008FB0006DD076 /* PastEventsViewController.swift in Sources */,
				F5A12D422BF6162E0058A62B /* MainViewController.swift in Sources */,
				F5658DF32BFB11A500F5FEB0 /* teamViewController.swift in Sources */,
				F5658DF52BFB11B700F5FEB0 /* teammateViewController.swift in Sources */,
				F5A12D3E2BF615C20058A62B /* ProfileViewController.swift in Sources */,
				F5F6CD4A2BFF7E1D00FD16D8 /* PostLayoutTilesCell.swift in Sources */,
				F5B998DF2BFDAD2100E0E7E5 /* createPostViewController.swift in Sources */,
				F580E8732C03AF6B0053B6F0 /* ResultsSearchTeamViewController.swift in Sources */,
				F5A12D3C2BF615B50058A62B /* FindViewController.swift in Sources */,
				F5B998E82BFDE85A00E0E7E5 /* SettingsViewController.swift in Sources */,
				F5A12D402BF615CF0058A62B /* NewViewController.swift in Sources */,
				05B207002BECC3D400BB7632 /* AppDelegate.swift in Sources */,
				F53B45B42C008A35006DD076 /* EventsTableViewCell.swift in Sources */,
				F5B998CF2BFC5D1F00E0E7E5 /* DataModels.swift in Sources */,
				F5A12D3A2BF615A80058A62B /* EventViewController.swift in Sources */,
				05B207022BECC3D400BB7632 /* SceneDelegate.swift in Sources */,
				F580E8772C03B86D0053B6F0 /* ResultsSearchTableViewCell.swift in Sources */,
				F5F93BF02BFFE10D006F54FB /* ChatsViewController.swift in Sources */,
				F5B998E12BFDAD3400E0E7E5 /* createEventViewController.swift in Sources */,
				F53B45B72C008FA1006DD076 /* UpcomingEventsViewController.swift in Sources */,
			);
			runOnlyForDeploymentPostprocessing = 0;
		};
/* End PBXSourcesBuildPhase section */

/* Begin PBXVariantGroup section */
		05B207052BECC3D400BB7632 /* Main.storyboard */ = {
			isa = PBXVariantGroup;
			children = (
				05B207062BECC3D400BB7632 /* Base */,
			);
			name = Main.storyboard;
			sourceTree = "<group>";
		};
		05B2070A2BECC3D500BB7632 /* LaunchScreen.storyboard */ = {
			isa = PBXVariantGroup;
			children = (
				05B2070B2BECC3D500BB7632 /* Base */,
			);
			name = LaunchScreen.storyboard;
			sourceTree = "<group>";
		};
/* End PBXVariantGroup section */

/* Begin XCBuildConfiguration section */
		05B2070E2BECC3D500BB7632 /* Debug */ = {
			isa = XCBuildConfiguration;
			buildSettings = {
				ALWAYS_SEARCH_USER_PATHS = NO;
				ASSETCATALOG_COMPILER_GENERATE_SWIFT_ASSET_SYMBOL_EXTENSIONS = YES;
				CLANG_ANALYZER_NONNULL = YES;
				CLANG_ANALYZER_NUMBER_OBJECT_CONVERSION = YES_AGGRESSIVE;
				CLANG_CXX_LANGUAGE_STANDARD = "gnu++20";
				CLANG_ENABLE_MODULES = YES;
				CLANG_ENABLE_OBJC_ARC = YES;
				CLANG_ENABLE_OBJC_WEAK = YES;
				CLANG_WARN_BLOCK_CAPTURE_AUTORELEASING = YES;
				CLANG_WARN_BOOL_CONVERSION = YES;
				CLANG_WARN_COMMA = YES;
				CLANG_WARN_CONSTANT_CONVERSION = YES;
				CLANG_WARN_DEPRECATED_OBJC_IMPLEMENTATIONS = YES;
				CLANG_WARN_DIRECT_OBJC_ISA_USAGE = YES_ERROR;
				CLANG_WARN_DOCUMENTATION_COMMENTS = YES;
				CLANG_WARN_EMPTY_BODY = YES;
				CLANG_WARN_ENUM_CONVERSION = YES;
				CLANG_WARN_INFINITE_RECURSION = YES;
				CLANG_WARN_INT_CONVERSION = YES;
				CLANG_WARN_NON_LITERAL_NULL_CONVERSION = YES;
				CLANG_WARN_OBJC_IMPLICIT_RETAIN_SELF = YES;
				CLANG_WARN_OBJC_LITERAL_CONVERSION = YES;
				CLANG_WARN_OBJC_ROOT_CLASS = YES_ERROR;
				CLANG_WARN_QUOTED_INCLUDE_IN_FRAMEWORK_HEADER = YES;
				CLANG_WARN_RANGE_LOOP_ANALYSIS = YES;
				CLANG_WARN_STRICT_PROTOTYPES = YES;
				CLANG_WARN_SUSPICIOUS_MOVE = YES;
				CLANG_WARN_UNGUARDED_AVAILABILITY = YES_AGGRESSIVE;
				CLANG_WARN_UNREACHABLE_CODE = YES;
				CLANG_WARN__DUPLICATE_METHOD_MATCH = YES;
				COPY_PHASE_STRIP = NO;
				DEBUG_INFORMATION_FORMAT = dwarf;
				ENABLE_STRICT_OBJC_MSGSEND = YES;
				ENABLE_TESTABILITY = YES;
				ENABLE_USER_SCRIPT_SANDBOXING = YES;
				GCC_C_LANGUAGE_STANDARD = gnu17;
				GCC_DYNAMIC_NO_PIC = NO;
				GCC_NO_COMMON_BLOCKS = YES;
				GCC_OPTIMIZATION_LEVEL = 0;
				GCC_PREPROCESSOR_DEFINITIONS = (
					"DEBUG=1",
					"$(inherited)",
				);
				GCC_WARN_64_TO_32_BIT_CONVERSION = YES;
				GCC_WARN_ABOUT_RETURN_TYPE = YES_ERROR;
				GCC_WARN_UNDECLARED_SELECTOR = YES;
				GCC_WARN_UNINITIALIZED_AUTOS = YES_AGGRESSIVE;
				GCC_WARN_UNUSED_FUNCTION = YES;
				GCC_WARN_UNUSED_VARIABLE = YES;
				IPHONEOS_DEPLOYMENT_TARGET = 17.2;
				LOCALIZATION_PREFERS_STRING_CATALOGS = YES;
				MTL_ENABLE_DEBUG_INFO = INCLUDE_SOURCE;
				MTL_FAST_MATH = YES;
				ONLY_ACTIVE_ARCH = YES;
				SDKROOT = iphoneos;
				SWIFT_ACTIVE_COMPILATION_CONDITIONS = "DEBUG $(inherited)";
				SWIFT_OPTIMIZATION_LEVEL = "-Onone";
			};
			name = Debug;
		};
		05B2070F2BECC3D500BB7632 /* Release */ = {
			isa = XCBuildConfiguration;
			buildSettings = {
				ALWAYS_SEARCH_USER_PATHS = NO;
				ASSETCATALOG_COMPILER_GENERATE_SWIFT_ASSET_SYMBOL_EXTENSIONS = YES;
				CLANG_ANALYZER_NONNULL = YES;
				CLANG_ANALYZER_NUMBER_OBJECT_CONVERSION = YES_AGGRESSIVE;
				CLANG_CXX_LANGUAGE_STANDARD = "gnu++20";
				CLANG_ENABLE_MODULES = YES;
				CLANG_ENABLE_OBJC_ARC = YES;
				CLANG_ENABLE_OBJC_WEAK = YES;
				CLANG_WARN_BLOCK_CAPTURE_AUTORELEASING = YES;
				CLANG_WARN_BOOL_CONVERSION = YES;
				CLANG_WARN_COMMA = YES;
				CLANG_WARN_CONSTANT_CONVERSION = YES;
				CLANG_WARN_DEPRECATED_OBJC_IMPLEMENTATIONS = YES;
				CLANG_WARN_DIRECT_OBJC_ISA_USAGE = YES_ERROR;
				CLANG_WARN_DOCUMENTATION_COMMENTS = YES;
				CLANG_WARN_EMPTY_BODY = YES;
				CLANG_WARN_ENUM_CONVERSION = YES;
				CLANG_WARN_INFINITE_RECURSION = YES;
				CLANG_WARN_INT_CONVERSION = YES;
				CLANG_WARN_NON_LITERAL_NULL_CONVERSION = YES;
				CLANG_WARN_OBJC_IMPLICIT_RETAIN_SELF = YES;
				CLANG_WARN_OBJC_LITERAL_CONVERSION = YES;
				CLANG_WARN_OBJC_ROOT_CLASS = YES_ERROR;
				CLANG_WARN_QUOTED_INCLUDE_IN_FRAMEWORK_HEADER = YES;
				CLANG_WARN_RANGE_LOOP_ANALYSIS = YES;
				CLANG_WARN_STRICT_PROTOTYPES = YES;
				CLANG_WARN_SUSPICIOUS_MOVE = YES;
				CLANG_WARN_UNGUARDED_AVAILABILITY = YES_AGGRESSIVE;
				CLANG_WARN_UNREACHABLE_CODE = YES;
				CLANG_WARN__DUPLICATE_METHOD_MATCH = YES;
				COPY_PHASE_STRIP = NO;
				DEBUG_INFORMATION_FORMAT = "dwarf-with-dsym";
				ENABLE_NS_ASSERTIONS = NO;
				ENABLE_STRICT_OBJC_MSGSEND = YES;
				ENABLE_USER_SCRIPT_SANDBOXING = YES;
				GCC_C_LANGUAGE_STANDARD = gnu17;
				GCC_NO_COMMON_BLOCKS = YES;
				GCC_WARN_64_TO_32_BIT_CONVERSION = YES;
				GCC_WARN_ABOUT_RETURN_TYPE = YES_ERROR;
				GCC_WARN_UNDECLARED_SELECTOR = YES;
				GCC_WARN_UNINITIALIZED_AUTOS = YES_AGGRESSIVE;
				GCC_WARN_UNUSED_FUNCTION = YES;
				GCC_WARN_UNUSED_VARIABLE = YES;
				IPHONEOS_DEPLOYMENT_TARGET = 17.2;
				LOCALIZATION_PREFERS_STRING_CATALOGS = YES;
				MTL_ENABLE_DEBUG_INFO = NO;
				MTL_FAST_MATH = YES;
				SDKROOT = iphoneos;
				SWIFT_COMPILATION_MODE = wholemodule;
				VALIDATE_PRODUCT = YES;
			};
			name = Release;
		};
		05B207112BECC3D500BB7632 /* Debug */ = {
			isa = XCBuildConfiguration;
			buildSettings = {
				ASSETCATALOG_COMPILER_APPICON_NAME = AppIcon;
				ASSETCATALOG_COMPILER_GLOBAL_ACCENT_COLOR_NAME = AccentColor;
				CODE_SIGN_STYLE = Automatic;
				CURRENT_PROJECT_VERSION = 1;
				DEVELOPMENT_TEAM = QD886FH8W8;
				GENERATE_INFOPLIST_FILE = YES;
				INFOPLIST_FILE = BGClan/Info.plist;
				INFOPLIST_KEY_UIApplicationSupportsIndirectInputEvents = YES;
				INFOPLIST_KEY_UILaunchStoryboardName = LaunchScreen;
				INFOPLIST_KEY_UIMainStoryboardFile = Main;
				INFOPLIST_KEY_UISupportedInterfaceOrientations_iPad = "UIInterfaceOrientationPortrait UIInterfaceOrientationPortraitUpsideDown UIInterfaceOrientationLandscapeLeft UIInterfaceOrientationLandscapeRight";
				INFOPLIST_KEY_UISupportedInterfaceOrientations_iPhone = "UIInterfaceOrientationPortrait UIInterfaceOrientationLandscapeLeft UIInterfaceOrientationLandscapeRight";
				IPHONEOS_DEPLOYMENT_TARGET = 16.0;
				LD_RUNPATH_SEARCH_PATHS = (
					"$(inherited)",
					"@executable_path/Frameworks",
				);
				MARKETING_VERSION = 1.0;
				PRODUCT_BUNDLE_IDENTIFIER = com.team5.BGClan;
				PRODUCT_NAME = "$(TARGET_NAME)";
				SWIFT_EMIT_LOC_STRINGS = YES;
				SWIFT_VERSION = 5.0;
				TARGETED_DEVICE_FAMILY = "1,2";
			};
			name = Debug;
		};
		05B207122BECC3D500BB7632 /* Release */ = {
			isa = XCBuildConfiguration;
			buildSettings = {
				ASSETCATALOG_COMPILER_APPICON_NAME = AppIcon;
				ASSETCATALOG_COMPILER_GLOBAL_ACCENT_COLOR_NAME = AccentColor;
				CODE_SIGN_STYLE = Automatic;
				CURRENT_PROJECT_VERSION = 1;
				DEVELOPMENT_TEAM = QD886FH8W8;
				GENERATE_INFOPLIST_FILE = YES;
				INFOPLIST_FILE = BGClan/Info.plist;
				INFOPLIST_KEY_UIApplicationSupportsIndirectInputEvents = YES;
				INFOPLIST_KEY_UILaunchStoryboardName = LaunchScreen;
				INFOPLIST_KEY_UIMainStoryboardFile = Main;
				INFOPLIST_KEY_UISupportedInterfaceOrientations_iPad = "UIInterfaceOrientationPortrait UIInterfaceOrientationPortraitUpsideDown UIInterfaceOrientationLandscapeLeft UIInterfaceOrientationLandscapeRight";
				INFOPLIST_KEY_UISupportedInterfaceOrientations_iPhone = "UIInterfaceOrientationPortrait UIInterfaceOrientationLandscapeLeft UIInterfaceOrientationLandscapeRight";
				IPHONEOS_DEPLOYMENT_TARGET = 16.0;
				LD_RUNPATH_SEARCH_PATHS = (
					"$(inherited)",
					"@executable_path/Frameworks",
				);
				MARKETING_VERSION = 1.0;
				PRODUCT_BUNDLE_IDENTIFIER = com.team5.BGClan;
				PRODUCT_NAME = "$(TARGET_NAME)";
				SWIFT_EMIT_LOC_STRINGS = YES;
				SWIFT_VERSION = 5.0;
				TARGETED_DEVICE_FAMILY = "1,2";
			};
			name = Release;
		};
/* End XCBuildConfiguration section */

/* Begin XCConfigurationList section */
		05B206F72BECC3D400BB7632 /* Build configuration list for PBXProject "BGClan" */ = {
			isa = XCConfigurationList;
			buildConfigurations = (
				05B2070E2BECC3D500BB7632 /* Debug */,
				05B2070F2BECC3D500BB7632 /* Release */,
			);
			defaultConfigurationIsVisible = 0;
			defaultConfigurationName = Release;
		};
		05B207102BECC3D500BB7632 /* Build configuration list for PBXNativeTarget "BGClan" */ = {
			isa = XCConfigurationList;
			buildConfigurations = (
				05B207112BECC3D500BB7632 /* Debug */,
				05B207122BECC3D500BB7632 /* Release */,
			);
			defaultConfigurationIsVisible = 0;
			defaultConfigurationName = Release;
		};
/* End XCConfigurationList section */
	};
	rootObject = 05B206F42BECC3D400BB7632 /* Project object */;
}
